
Microsoft Visual Studio Solution File, Format Version 12.00
# Visual Studio Version 17
VisualStudioVersion = 17.8.34309.116
MinimumVisualStudioVersion = 10.0.40219.1
Project("{FAE04EC0-301F-11D3-BF4B-00C04F79EFBC}") = "CurrencyConverter", "CurrencyConverter\CurrencyConverter.csproj", "{1785383F-EC7E-4E4D-AB9E-CFB802C62D55}"
EndProject
Project("{FAE04EC0-301F-11D3-BF4B-00C04F79EFBC}") = "CurrencyConverter.Tests", "CurrencyConverter.Tests\CurrencyConverter.Tests.csproj", "{941BAF07-31DB-4DC9-A447-EF8AC0D1C450}"
EndProject
Global
	GlobalSection(SolutionConfigurationPlatforms) = preSolution
		Debug|Any CPU = Debug|Any CPU
		Release|Any CPU = Release|Any CPU
	EndGlobalSection
	GlobalSection(ProjectConfigurationPlatforms) = postSolution
		{1785383F-EC7E-4E4D-AB9E-CFB802C62D55}.Debug|Any CPU.ActiveCfg = Debug|Any CPU
		{1785383F-EC7E-4E4D-AB9E-CFB802C62D55}.Debug|Any CPU.Build.0 = Debug|Any CPU
		{1785383F-EC7E-4E4D-AB9E-CFB802C62D55}.Release|Any CPU.ActiveCfg = Release|Any CPU
		{1785383F-EC7E-4E4D-AB9E-CFB802C62D55}.Release|Any CPU.Build.0 = Release|Any CPU
		{941BAF07-31DB-4DC9-A447-EF8AC0D1C450}.Debug|Any CPU.ActiveCfg = Debug|Any CPU
		{941BAF07-31DB-4DC9-A447-EF8AC0D1C450}.Debug|Any CPU.Build.0 = Debug|Any CPU
		{941BAF07-31DB-4DC9-A447-EF8AC0D1C450}.Release|Any CPU.ActiveCfg = Release|Any CPU
		{941BAF07-31DB-4DC9-A447-EF8AC0D1C450}.Release|Any CPU.Build.0 = Release|Any CPU
	EndGlobalSection
	GlobalSection(SolutionProperties) = preSolution
		HideSolutionNode = FALSE
	EndGlobalSection
	GlobalSection(ExtensibilityGlobals) = postSolution
		SolutionGuid = {7A59D080-6904-4C50-8344-1E39398D26CA}
	EndGlobalSection
EndGlobal
